
Microsoft Visual Studio Solution File, Format Version 10.00
# Visual Studio 2008
Project("{FAE04EC0-301F-11D3-BF4B-00C04F79EFBC}") = "SharpGo", "SharpGo\SharpGo.csproj", "{2331A70D-2E7D-420B-8D32-A42370C0F530}"
EndProject
Global
	GlobalSection(SolutionConfigurationPlatforms) = preSolution
		Debug|Any CPU = Debug|Any CPU
		Release|Any CPU = Release|Any CPU
	EndGlobalSection
	GlobalSection(ProjectConfigurationPlatforms) = postSolution
		{2331A70D-2E7D-420B-8D32-A42370C0F530}.Debug|Any CPU.ActiveCfg = Debug|Any CPU
		{2331A70D-2E7D-420B-8D32-A42370C0F530}.Debug|Any CPU.Build.0 = Debug|Any CPU
		{2331A70D-2E7D-420B-8D32-A42370C0F530}.Release|Any CPU.ActiveCfg = Release|Any CPU
		{2331A70D-2E7D-420B-8D32-A42370C0F530}.Release|Any CPU.Build.0 = Release|Any CPU
	EndGlobalSection
	GlobalSection(SolutionProperties) = preSolution
		HideSolutionNode = FALSE
	EndGlobalSection
EndGlobal
